{
  "requires": true,
  "lockfileVersion": 1,
  "dependencies": {
    "tachyons-custom": {
      "version": "4.9.6",
      "resolved": "https://registry.npmjs.org/tachyons-custom/-/tachyons-custom-4.9.6.tgz",
      "integrity": "sha512-HsrN1C8GTj9Tr8Ki4XMZdd1ye2O8YLVUXNAJiga3DzcdY4pRuEMYcvjOk0wAGEdVgePPSAWAsE+CWNZzNagEJw=="
    },
    "tachyons-sass": {
      "version": "4.9.3",
      "resolved": "https://registry.npmjs.org/tachyons-sass/-/tachyons-sass-4.9.3.tgz",
      "integrity": "sha512-Cok8J0fGPx+v/12LizOma0tuRrd3EqIYqiUSTqkM/5HFy7sKmM1Gg3GU41XycWbrOGjNRc7S83cF+o4MhEInUQ==",
      "requires": {
        "tachyons-custom": "^4.9.2"
      }
    }
  }
}
